
Microsoft Visual Studio Solution File, Format Version 12.00
# Visual Studio Version 16
VisualStudioVersion = 16.0.30002.166
MinimumVisualStudioVersion = 10.0.40219.1
Project("{2150E333-8FDC-42A3-9474-1A3956D46DE8}") = "Domain", "Domain", "{D3B688C9-EF2B-457C-AC6C-1A9328F415F5}"
EndProject
Project("{2150E333-8FDC-42A3-9474-1A3956D46DE8}") = "Infra.Bus", "Infra.Bus", "{DB69ED6E-552C-4C51-9200-F08E88EBDEB8}"
EndProject
Project("{2150E333-8FDC-42A3-9474-1A3956D46DE8}") = "Infra.Ioc", "Infra.Ioc", "{16D15E24-ACC0-43E5-BBF1-1410DE6A539C}"
EndProject
Project("{2150E333-8FDC-42A3-9474-1A3956D46DE8}") = "Microservices", "Microservices", "{9B922D80-6166-4433-9845-00B177254075}"
EndProject
Project("{2150E333-8FDC-42A3-9474-1A3956D46DE8}") = "Presentation", "Presentation", "{99816516-F821-4D1D-BA07-BE41D43F3802}"
EndProject
Project("{FAE04EC0-301F-11D3-BF4B-00C04F79EFBC}") = "MicroRabbit.Domain.Core", "MicroRabbit.Domain.Core\MicroRabbit.Domain.Core.csproj", "{3BB8FF4B-98EA-40D0-AF4B-56400929D6E8}"
EndProject
Project("{FAE04EC0-301F-11D3-BF4B-00C04F79EFBC}") = "MicroRabbit.Infa.Bus", "MicroRabbit.Infa.Bus\MicroRabbit.Infa.Bus.csproj", "{B595C074-86FA-4E49-B787-ABFB6BE68659}"
EndProject
Project("{FAE04EC0-301F-11D3-BF4B-00C04F79EFBC}") = "MicroRabbit.Infra.Ioc", "MicroRabbit.Infra.Ioc\MicroRabbit.Infra.Ioc.csproj", "{ED460BDA-5F5D-4637-85BC-A516BD9E6DFD}"
EndProject
Project("{2150E333-8FDC-42A3-9474-1A3956D46DE8}") = "Banking", "Banking", "{B523F9F8-D938-4396-8BE6-3E1668A7E520}"
EndProject
Project("{2150E333-8FDC-42A3-9474-1A3956D46DE8}") = "Api", "Api", "{37B275A3-8CDB-47DD-A534-77041597D2B1}"
EndProject
Project("{2150E333-8FDC-42A3-9474-1A3956D46DE8}") = "Application", "Application", "{9A7118B5-10ED-40FA-9733-6AFA80B0C777}"
EndProject
Project("{2150E333-8FDC-42A3-9474-1A3956D46DE8}") = "Data", "Data", "{867E491D-011C-4284-8B04-13BE613F8A5A}"
EndProject
Project("{2150E333-8FDC-42A3-9474-1A3956D46DE8}") = "Domain", "Domain", "{772BAD2D-3A49-4E1A-8129-5A4182383E22}"
EndProject
Project("{FAE04EC0-301F-11D3-BF4B-00C04F79EFBC}") = "MicroRabbit.Banking.Api", "MicroRabbit.Banking.Api\MicroRabbit.Banking.Api.csproj", "{7100A7D1-54A3-48B7-9AFF-E78A1D8DCB88}"
EndProject
Project("{FAE04EC0-301F-11D3-BF4B-00C04F79EFBC}") = "MicroRabbit.Banking.Application", "MicroRabbit.Banking.Application\MicroRabbit.Banking.Application.csproj", "{5619E07C-EA00-4729-8268-FE5CBC0C6102}"
EndProject
Project("{FAE04EC0-301F-11D3-BF4B-00C04F79EFBC}") = "MicroRabbit.Banking.Data", "MicroRabbit.Banking.Data\MicroRabbit.Banking.Data.csproj", "{717CFEAB-1B06-403A-BC1A-669B6D6ED42B}"
EndProject
Project("{FAE04EC0-301F-11D3-BF4B-00C04F79EFBC}") = "MicroRabbit.Banking.Domain", "MicroRabbit.Banking.Domain\MicroRabbit.Banking.Domain.csproj", "{F44EF9E9-76DD-41B4-A30F-8C3FCA6769A5}"
EndProject
Global
	GlobalSection(SolutionConfigurationPlatforms) = preSolution
		Debug|Any CPU = Debug|Any CPU
		Release|Any CPU = Release|Any CPU
	EndGlobalSection
	GlobalSection(ProjectConfigurationPlatforms) = postSolution
		{3BB8FF4B-98EA-40D0-AF4B-56400929D6E8}.Debug|Any CPU.ActiveCfg = Debug|Any CPU
		{3BB8FF4B-98EA-40D0-AF4B-56400929D6E8}.Debug|Any CPU.Build.0 = Debug|Any CPU
		{3BB8FF4B-98EA-40D0-AF4B-56400929D6E8}.Release|Any CPU.ActiveCfg = Release|Any CPU
		{3BB8FF4B-98EA-40D0-AF4B-56400929D6E8}.Release|Any CPU.Build.0 = Release|Any CPU
		{B595C074-86FA-4E49-B787-ABFB6BE68659}.Debug|Any CPU.ActiveCfg = Debug|Any CPU
		{B595C074-86FA-4E49-B787-ABFB6BE68659}.Debug|Any CPU.Build.0 = Debug|Any CPU
		{B595C074-86FA-4E49-B787-ABFB6BE68659}.Release|Any CPU.ActiveCfg = Release|Any CPU
		{B595C074-86FA-4E49-B787-ABFB6BE68659}.Release|Any CPU.Build.0 = Release|Any CPU
		{ED460BDA-5F5D-4637-85BC-A516BD9E6DFD}.Debug|Any CPU.ActiveCfg = Debug|Any CPU
		{ED460BDA-5F5D-4637-85BC-A516BD9E6DFD}.Debug|Any CPU.Build.0 = Debug|Any CPU
		{ED460BDA-5F5D-4637-85BC-A516BD9E6DFD}.Release|Any CPU.ActiveCfg = Release|Any CPU
		{ED460BDA-5F5D-4637-85BC-A516BD9E6DFD}.Release|Any CPU.Build.0 = Release|Any CPU
		{7100A7D1-54A3-48B7-9AFF-E78A1D8DCB88}.Debug|Any CPU.ActiveCfg = Debug|Any CPU
		{7100A7D1-54A3-48B7-9AFF-E78A1D8DCB88}.Debug|Any CPU.Build.0 = Debug|Any CPU
		{7100A7D1-54A3-48B7-9AFF-E78A1D8DCB88}.Release|Any CPU.ActiveCfg = Release|Any CPU
		{7100A7D1-54A3-48B7-9AFF-E78A1D8DCB88}.Release|Any CPU.Build.0 = Release|Any CPU
		{5619E07C-EA00-4729-8268-FE5CBC0C6102}.Debug|Any CPU.ActiveCfg = Debug|Any CPU
		{5619E07C-EA00-4729-8268-FE5CBC0C6102}.Debug|Any CPU.Build.0 = Debug|Any CPU
		{5619E07C-EA00-4729-8268-FE5CBC0C6102}.Release|Any CPU.ActiveCfg = Release|Any CPU
		{5619E07C-EA00-4729-8268-FE5CBC0C6102}.Release|Any CPU.Build.0 = Release|Any CPU
		{717CFEAB-1B06-403A-BC1A-669B6D6ED42B}.Debug|Any CPU.ActiveCfg = Debug|Any CPU
		{717CFEAB-1B06-403A-BC1A-669B6D6ED42B}.Debug|Any CPU.Build.0 = Debug|Any CPU
		{717CFEAB-1B06-403A-BC1A-669B6D6ED42B}.Release|Any CPU.ActiveCfg = Release|Any CPU
		{717CFEAB-1B06-403A-BC1A-669B6D6ED42B}.Release|Any CPU.Build.0 = Release|Any CPU
		{F44EF9E9-76DD-41B4-A30F-8C3FCA6769A5}.Debug|Any CPU.ActiveCfg = Debug|Any CPU
		{F44EF9E9-76DD-41B4-A30F-8C3FCA6769A5}.Debug|Any CPU.Build.0 = Debug|Any CPU
		{F44EF9E9-76DD-41B4-A30F-8C3FCA6769A5}.Release|Any CPU.ActiveCfg = Release|Any CPU
		{F44EF9E9-76DD-41B4-A30F-8C3FCA6769A5}.Release|Any CPU.Build.0 = Release|Any CPU
	EndGlobalSection
	GlobalSection(SolutionProperties) = preSolution
		HideSolutionNode = FALSE
	EndGlobalSection
	GlobalSection(NestedProjects) = preSolution
		{3BB8FF4B-98EA-40D0-AF4B-56400929D6E8} = {D3B688C9-EF2B-457C-AC6C-1A9328F415F5}
		{B595C074-86FA-4E49-B787-ABFB6BE68659} = {DB69ED6E-552C-4C51-9200-F08E88EBDEB8}
		{ED460BDA-5F5D-4637-85BC-A516BD9E6DFD} = {16D15E24-ACC0-43E5-BBF1-1410DE6A539C}
		{B523F9F8-D938-4396-8BE6-3E1668A7E520} = {9B922D80-6166-4433-9845-00B177254075}
		{37B275A3-8CDB-47DD-A534-77041597D2B1} = {B523F9F8-D938-4396-8BE6-3E1668A7E520}
		{9A7118B5-10ED-40FA-9733-6AFA80B0C777} = {B523F9F8-D938-4396-8BE6-3E1668A7E520}
		{867E491D-011C-4284-8B04-13BE613F8A5A} = {B523F9F8-D938-4396-8BE6-3E1668A7E520}
		{772BAD2D-3A49-4E1A-8129-5A4182383E22} = {B523F9F8-D938-4396-8BE6-3E1668A7E520}
		{7100A7D1-54A3-48B7-9AFF-E78A1D8DCB88} = {37B275A3-8CDB-47DD-A534-77041597D2B1}
		{5619E07C-EA00-4729-8268-FE5CBC0C6102} = {9A7118B5-10ED-40FA-9733-6AFA80B0C777}
		{717CFEAB-1B06-403A-BC1A-669B6D6ED42B} = {867E491D-011C-4284-8B04-13BE613F8A5A}
		{F44EF9E9-76DD-41B4-A30F-8C3FCA6769A5} = {772BAD2D-3A49-4E1A-8129-5A4182383E22}
	EndGlobalSection
	GlobalSection(ExtensibilityGlobals) = postSolution
		SolutionGuid = {5796A0AD-11BC-49EC-9148-CDBD7902215D}
	EndGlobalSection
EndGlobal
